{
  "name": "near-bindgen",
  "version": "0.0.0",
  "lockfileVersion": 1,
  "requires": true,
  "dependencies": {
    "assemblyscript-json": {
      "version": "github:WebAssemblyOS/assemblyscript-json#ed4baeee0c87633de249c9a82ae0c9e23d1348cc",
      "from": "github:WebAssemblyOS/assemblyscript-json#near_dist"
    },
    "bignum": {
      "version": "github:MaxGraey/bignum.wasm#bd8229e58f3975b450c9172b1496473b68437a6d",
      "from": "github:MaxGraey/bignum.wasm"
    },
    "near-runtime-ts": {
      "version": "github:nearprotocol/near-runtime-ts#913d6a0ee2465b5c400fa75100b16e6a984adf06",
      "from": "github:nearprotocol/near-runtime-ts#staging"
    }
  }
}
