{
    "name": "visitor",
    "version": "1.0.0",
    "lockfileVersion": 1,
    "requires": true,
    "dependencies": {
        "as-pect": {
            "version": "github:jtenner/as-pect#e6efdeb282f48aa854f430e819ae5f7e3ca596e9",
            "from": "github:jtenner/as-pect",
            "requires": {
                "csv-stringify": "^5.3.0"
            }
        },
        "assemblyscript": {
            "version": "file:../..",
            "requires": {
                "@protobufjs/utf8": "^1.1.0",
                "binaryen": "84.0.0-nightly.20190522",
                "glob": "^7.1.4",
                "long": "^4.0.0",
                "opencollective-postinstall": "^2.0.0",
                "source-map-support": "^0.5.12"
            }
        },
        "csv-stringify": {
            "version": "5.3.0",
            "resolved": "https://registry.npmjs.org/csv-stringify/-/csv-stringify-5.3.0.tgz",
            "integrity": "sha512-VMYPbE8zWz475smwqb9VbX9cj0y4J0PBl59UdcqzLkzXHZZ8dh4Rmbb0ZywsWEtUml4A96Hn7Q5MW9ppVghYzg==",
            "optional": true,
            "requires": {
                "lodash.get": "~4.4.2"
            }
        },
        "lodash.get": {
            "version": "4.4.2",
            "resolved": "https://registry.npmjs.org/lodash.get/-/lodash.get-4.4.2.tgz",
            "integrity": "sha1-LRd/ZS+jHpObRDjVNBSZ36OCXpk=",
            "optional": true
        }
    }
}
