{
  "name": "near-bindgen",
  "version": "0.0.0",
  "lockfileVersion": 1,
  "requires": true,
  "dependencies": {
    "assemblyscript-json": {
      "version": "0.2.0",
      "resolved": "https://registry.npmjs.org/assemblyscript-json/-/assemblyscript-json-0.2.0.tgz",
      "integrity": "sha512-feJLBrec5O600QytfpkFb9oUYc+rANwtEUuSfIxVmjGcup4uR42maQTWOuIv8w/YOsHDMYHTXCwPQsuCynrwKA=="
    },
    "bignum": {
      "version": "github:MaxGraey/bignum.wasm#5403267df2d9a6792fdc6d34f4f11854ccf49719",
      "from": "github:MaxGraey/bignum.wasm"
    },
    "near-runtime-ts": {
      "version": "0.3.1",
      "resolved": "https://registry.npmjs.org/near-runtime-ts/-/near-runtime-ts-0.3.1.tgz",
      "integrity": "sha512-bEnjyF42jNyJAhNo8JFMKaiPznrUAQpFk5fit0EAY6rDEwl1StW4w9rYguTbXLeWFoRivBSewgw8M/cFRNb2ng==",
      "requires": {
        "assemblyscript-json": "0.2.0",
        "bignum": "github:MaxGraey/bignum.wasm"
      }
    }
  }
}
